PODS:
  - Cache (4.2.0)
  - Kingfisher (4.10.1)

DEPENDENCIES:
  - Cache (~> 4.0)
  - Kingfisher (~> 4.0)

SPEC REPOS:
  trunk:
    - Cache
    - Kingfisher

SPEC CHECKSUMS:
  Cache: f28f8dd64b632155aabf9b3906b036a659048251
  Kingfisher: c148cd7b47ebde9989f6bc7c27dcaa79d81279a0

PODFILE CHECKSUM: 1baf306efdf6dee769fe349940651961070715aa

COCOAPODS: 1.9.3
